
Microsoft Visual Studio Solution File, Format Version 12.00
# Visual Studio Version 17
VisualStudioVersion = 17.10.35122.118
MinimumVisualStudioVersion = 10.0.40219.1
Project("{FAE04EC0-301F-11D3-BF4B-00C04F79EFBC}") = "ppi-challenge", "ppi-challenge\ppi-challenge.csproj", "{8C4C2EC2-D9D5-4232-A5EB-224221D59930}"
EndProject
Global
	GlobalSection(SolutionConfigurationPlatforms) = preSolution
		Debug|Any CPU = Debug|Any CPU
		Release|Any CPU = Release|Any CPU
	EndGlobalSection
	GlobalSection(ProjectConfigurationPlatforms) = postSolution
		{8C4C2EC2-D9D5-4232-A5EB-224221D59930}.Debug|Any CPU.ActiveCfg = Debug|Any CPU
		{8C4C2EC2-D9D5-4232-A5EB-224221D59930}.Debug|Any CPU.Build.0 = Debug|Any CPU
		{8C4C2EC2-D9D5-4232-A5EB-224221D59930}.Release|Any CPU.ActiveCfg = Release|Any CPU
		{8C4C2EC2-D9D5-4232-A5EB-224221D59930}.Release|Any CPU.Build.0 = Release|Any CPU
	EndGlobalSection
	GlobalSection(SolutionProperties) = preSolution
		HideSolutionNode = FALSE
	EndGlobalSection
	GlobalSection(ExtensibilityGlobals) = postSolution
		SolutionGuid = {769651F5-6BB5-4E0D-8FBF-C128CA602008}
	EndGlobalSection
EndGlobal
